// !$*UTF8*$!
{
	archiveVersion = 1;
	classes = {
	};
	objectVersion = 56;
	objects = {

/* Begin PBXBuildFile section */
		182FE7402A36B0C60027BDD6 /* swiftlist2App.swift in Sources */ = {isa = PBXBuildFile; fileRef = 182FE73F2A36B0C60027BDD6 /* swiftlist2App.swift */; };
		182FE7442A36B0C80027BDD6 /* Assets.xcassets in Resources */ = {isa = PBXBuildFile; fileRef = 182FE7432A36B0C80027BDD6 /* Assets.xcassets */; };
		182FE7472A36B0C80027BDD6 /* Preview Assets.xcassets in Resources */ = {isa = PBXBuildFile; fileRef = 182FE7462A36B0C80027BDD6 /* Preview Assets.xcassets */; };
		18675F922A36B34F009312AF /* Listing.swift in Sources */ = {isa = PBXBuildFile; fileRef = 18675F912A36B34F009312AF /* Listing.swift */; };
		18675F952A36B73A009312AF /* Home.swift in Sources */ = {isa = PBXBuildFile; fileRef = 18675F942A36B73A009312AF /* Home.swift */; };
		18675F982A36B8DD009312AF /* Network.swift in Sources */ = {isa = PBXBuildFile; fileRef = 18675F972A36B8DD009312AF /* Network.swift */; };
/* End PBXBuildFile section */

/* Begin PBXFileReference section */
		182FE73C2A36B0C60027BDD6 /* swiftlist2.app */ = {isa = PBXFileReference; explicitFileType = wrapper.application; includeInIndex = 0; path = swiftlist2.app; sourceTree = BUILT_PRODUCTS_DIR; };
		182FE73F2A36B0C60027BDD6 /* swiftlist2App.swift */ = {isa = PBXFileReference; lastKnownFileType = sourcecode.swift; path = swiftlist2App.swift; sourceTree = "<group>"; };
		182FE7432A36B0C80027BDD6 /* Assets.xcassets */ = {isa = PBXFileReference; lastKnownFileType = folder.assetcatalog; path = Assets.xcassets; sourceTree = "<group>"; };
		182FE7462A36B0C80027BDD6 /* Preview Assets.xcassets */ = {isa = PBXFileReference; lastKnownFileType = folder.assetcatalog; path = "Preview Assets.xcassets"; sourceTree = "<group>"; };
		18675F912A36B34F009312AF /* Listing.swift */ = {isa = PBXFileReference; lastKnownFileType = sourcecode.swift; path = Listing.swift; sourceTree = "<group>"; };
		18675F942A36B73A009312AF /* Home.swift */ = {isa = PBXFileReference; lastKnownFileType = sourcecode.swift; path = Home.swift; sourceTree = "<group>"; };
		18675F972A36B8DD009312AF /* Network.swift */ = {isa = PBXFileReference; lastKnownFileType = sourcecode.swift; path = Network.swift; sourceTree = "<group>"; };
/* End PBXFileReference section */

/* Begin PBXFrameworksBuildPhase section */
		182FE7392A36B0C60027BDD6 /* Frameworks */ = {
			isa = PBXFrameworksBuildPhase;
			buildActionMask = 2147483647;
			files = (
			);
			runOnlyForDeploymentPostprocessing = 0;
		};
/* End PBXFrameworksBuildPhase section */

/* Begin PBXGroup section */
		182FE7332A36B0C60027BDD6 = {
			isa = PBXGroup;
			children = (
				182FE73E2A36B0C60027BDD6 /* swiftlist2 */,
				182FE73D2A36B0C60027BDD6 /* Products */,
			);
			sourceTree = "<group>";
		};
		182FE73D2A36B0C60027BDD6 /* Products */ = {
			isa = PBXGroup;
			children = (
				182FE73C2A36B0C60027BDD6 /* swiftlist2.app */,
			);
			name = Products;
			sourceTree = "<group>";
		};
		182FE73E2A36B0C60027BDD6 /* swiftlist2 */ = {
			isa = PBXGroup;
			children = (
				18675F962A36B8D1009312AF /* Logic */,
				18675F932A36B71D009312AF /* Views */,
				18675F902A36B334009312AF /* Structs */,
				182FE73F2A36B0C60027BDD6 /* swiftlist2App.swift */,
				182FE7432A36B0C80027BDD6 /* Assets.xcassets */,
				182FE7452A36B0C80027BDD6 /* Preview Content */,
			);
			path = swiftlist2;
			sourceTree = "<group>";
		};
		182FE7452A36B0C80027BDD6 /* Preview Content */ = {
			isa = PBXGroup;
			children = (
				182FE7462A36B0C80027BDD6 /* Preview Assets.xcassets */,
			);
			path = "Preview Content";
			sourceTree = "<group>";
		};
		18675F902A36B334009312AF /* Structs */ = {
			isa = PBXGroup;
			children = (
				18675F912A36B34F009312AF /* Listing.swift */,
			);
			path = Structs;
			sourceTree = "<group>";
		};
		18675F932A36B71D009312AF /* Views */ = {
			isa = PBXGroup;
			children = (
				18675F942A36B73A009312AF /* Home.swift */,
			);
			path = Views;
			sourceTree = "<group>";
		};
		18675F962A36B8D1009312AF /* Logic */ = {
			isa = PBXGroup;
			children = (
				18675F972A36B8DD009312AF /* Network.swift */,
			);
			path = Logic;
			sourceTree = "<group>";
		};
/* End PBXGroup section */

/* Begin PBXNativeTarget section */
		182FE73B2A36B0C60027BDD6 /* swiftlist2 */ = {
			isa = PBXNativeTarget;
			buildConfigurationList = 182FE74A2A36B0C80027BDD6 /* Build configuration list for PBXNativeTarget "swiftlist2" */;
			buildPhases = (
				182FE7382A36B0C60027BDD6 /* Sources */,
				182FE7392A36B0C60027BDD6 /* Frameworks */,
				182FE73A2A36B0C60027BDD6 /* Resources */,
			);
			buildRules = (
			);
			dependencies = (
			);
			name = swiftlist2;
			productName = swiftlist2;
			productReference = 182FE73C2A36B0C60027BDD6 /* swiftlist2.app */;
			productType = "com.apple.product-type.application";
		};
/* End PBXNativeTarget section */

/* Begin PBXProject section */
		182FE7342A36B0C60027BDD6 /* Project object */ = {
			isa = PBXProject;
			attributes = {
				BuildIndependentTargetsInParallel = 1;
				LastSwiftUpdateCheck = 1500;
				LastUpgradeCheck = 1500;
				TargetAttributes = {
					182FE73B2A36B0C60027BDD6 = {
						CreatedOnToolsVersion = 15.0;
					};
				};
			};
			buildConfigurationList = 182FE7372A36B0C60027BDD6 /* Build configuration list for PBXProject "swiftlist2" */;
			compatibilityVersion = "Xcode 14.0";
			developmentRegion = en;
			hasScannedForEncodings = 0;
			knownRegions = (
				en,
				Base,
			);
			mainGroup = 182FE7332A36B0C60027BDD6;
			productRefGroup = 182FE73D2A36B0C60027BDD6 /* Products */;
			projectDirPath = "";
			projectRoot = "";
			targets = (
				182FE73B2A36B0C60027BDD6 /* swiftlist2 */,
			);
		};
/* End PBXProject section */

/* Begin PBXResourcesBuildPhase section */
		182FE73A2A36B0C60027BDD6 /* Resources */ = {
			isa = PBXResourcesBuildPhase;
			buildActionMask = 2147483647;
			files = (
				182FE7472A36B0C80027BDD6 /* Preview Assets.xcassets in Resources */,
				182FE7442A36B0C80027BDD6 /* Assets.xcassets in Resources */,
			);
			runOnlyForDeploymentPostprocessing = 0;
		};
/* End PBXResourcesBuildPhase section */

/* Begin PBXSourcesBuildPhase section */
		182FE7382A36B0C60027BDD6 /* Sources */ = {
			isa = PBXSourcesBuildPhase;
			buildActionMask = 2147483647;
			files = (
				18675F922A36B34F009312AF /* Listing.swift in Sources */,
				18675F952A36B73A009312AF /* Home.swift in Sources */,
				18675F982A36B8DD009312AF /* Network.swift in Sources */,
				182FE7402A36B0C60027BDD6 /* swiftlist2App.swift in Sources */,
			);
			runOnlyForDeploymentPostprocessing = 0;
		};
/* End PBXSourcesBuildPhase section */

/* Begin XCBuildConfiguration section */
		182FE7482A36B0C80027BDD6 /* Debug */ = {
			isa = XCBuildConfiguration;
			buildSettings = {
				ALWAYS_SEARCH_USER_PATHS = NO;
				ASSETCATALOG_COMPILER_GENERATE_SWIFT_ASSET_SYMBOL_EXTENSIONS = YES;
				CLANG_ANALYZER_NONNULL = YES;
				CLANG_ANALYZER_NUMBER_OBJECT_CONVERSION = YES_AGGRESSIVE;
				CLANG_CXX_LANGUAGE_STANDARD = "gnu++20";
				CLANG_ENABLE_MODULES = YES;
				CLANG_ENABLE_OBJC_ARC = YES;
				CLANG_ENABLE_OBJC_WEAK = YES;
				CLANG_WARN_BLOCK_CAPTURE_AUTORELEASING = YES;
				CLANG_WARN_BOOL_CONVERSION = YES;
				CLANG_WARN_COMMA = YES;
				CLANG_WARN_CONSTANT_CONVERSION = YES;
				CLANG_WARN_DEPRECATED_OBJC_IMPLEMENTATIONS = YES;
				CLANG_WARN_DIRECT_OBJC_ISA_USAGE = YES_ERROR;
				CLANG_WARN_DOCUMENTATION_COMMENTS = YES;
				CLANG_WARN_EMPTY_BODY = YES;
				CLANG_WARN_ENUM_CONVERSION = YES;
				CLANG_WARN_INFINITE_RECURSION = YES;
				CLANG_WARN_INT_CONVERSION = YES;
				CLANG_WARN_NON_LITERAL_NULL_CONVERSION = YES;
				CLANG_WARN_OBJC_IMPLICIT_RETAIN_SELF = YES;
				CLANG_WARN_OBJC_LITERAL_CONVERSION = YES;
				CLANG_WARN_OBJC_ROOT_CLASS = YES_ERROR;
				CLANG_WARN_QUOTED_INCLUDE_IN_FRAMEWORK_HEADER = YES;
				CLANG_WARN_RANGE_LOOP_ANALYSIS = YES;
				CLANG_WARN_STRICT_PROTOTYPES = YES;
				CLANG_WARN_SUSPICIOUS_MOVE = YES;
				CLANG_WARN_UNGUARDED_AVAILABILITY = YES_AGGRESSIVE;
				CLANG_WARN_UNREACHABLE_CODE = YES;
				CLANG_WARN__DUPLICATE_METHOD_MATCH = YES;
				COPY_PHASE_STRIP = NO;
				DEBUG_INFORMATION_FORMAT = dwarf;
				ENABLE_STRICT_OBJC_MSGSEND = YES;
				ENABLE_TESTABILITY = YES;
				ENABLE_USER_SCRIPT_SANDBOXING = YES;
				GCC_C_LANGUAGE_STANDARD = gnu17;
				GCC_DYNAMIC_NO_PIC = NO;
				GCC_NO_COMMON_BLOCKS = YES;
				GCC_OPTIMIZATION_LEVEL = 0;
				GCC_PREPROCESSOR_DEFINITIONS = (
					"DEBUG=1",
					"$(inherited)",
				);
				GCC_WARN_64_TO_32_BIT_CONVERSION = YES;
				GCC_WARN_ABOUT_RETURN_TYPE = YES_ERROR;
				GCC_WARN_UNDECLARED_SELECTOR = YES;
				GCC_WARN_UNINITIALIZED_AUTOS = YES_AGGRESSIVE;
				GCC_WARN_UNUSED_FUNCTION = YES;
				GCC_WARN_UNUSED_VARIABLE = YES;
				IPHONEOS_DEPLOYMENT_TARGET = 17.0;
				LOCALIZATION_PREFERS_STRING_CATALOGS = YES;
				MTL_ENABLE_DEBUG_INFO = INCLUDE_SOURCE;
				MTL_FAST_MATH = YES;
				ONLY_ACTIVE_ARCH = YES;
				SDKROOT = iphoneos;
				SWIFT_ACTIVE_COMPILATION_CONDITIONS = "DEBUG $(inherited)";
				SWIFT_OPTIMIZATION_LEVEL = "-Onone";
			};
			name = Debug;
		};
		182FE7492A36B0C80027BDD6 /* Release */ = {
			isa = XCBuildConfiguration;
			buildSettings = {
				ALWAYS_SEARCH_USER_PATHS = NO;
				ASSETCATALOG_COMPILER_GENERATE_SWIFT_ASSET_SYMBOL_EXTENSIONS = YES;
				CLANG_ANALYZER_NONNULL = YES;
				CLANG_ANALYZER_NUMBER_OBJECT_CONVERSION = YES_AGGRESSIVE;
				CLANG_CXX_LANGUAGE_STANDARD = "gnu++20";
				CLANG_ENABLE_MODULES = YES;
				CLANG_ENABLE_OBJC_ARC = YES;
				CLANG_ENABLE_OBJC_WEAK = YES;
				CLANG_WARN_BLOCK_CAPTURE_AUTORELEASING = YES;
				CLANG_WARN_BOOL_CONVERSION = YES;
				CLANG_WARN_COMMA = YES;
				CLANG_WARN_CONSTANT_CONVERSION = YES;
				CLANG_WARN_DEPRECATED_OBJC_IMPLEMENTATIONS = YES;
				CLANG_WARN_DIRECT_OBJC_ISA_USAGE = YES_ERROR;
				CLANG_WARN_DOCUMENTATION_COMMENTS = YES;
				CLANG_WARN_EMPTY_BODY = YES;
				CLANG_WARN_ENUM_CONVERSION = YES;
				CLANG_WARN_INFINITE_RECURSION = YES;
				CLANG_WARN_INT_CONVERSION = YES;
				CLANG_WARN_NON_LITERAL_NULL_CONVERSION = YES;
				CLANG_WARN_OBJC_IMPLICIT_RETAIN_SELF = YES;
				CLANG_WARN_OBJC_LITERAL_CONVERSION = YES;
				CLANG_WARN_OBJC_ROOT_CLASS = YES_ERROR;
				CLANG_WARN_QUOTED_INCLUDE_IN_FRAMEWORK_HEADER = YES;
				CLANG_WARN_RANGE_LOOP_ANALYSIS = YES;
				CLANG_WARN_STRICT_PROTOTYPES = YES;
				CLANG_WARN_SUSPICIOUS_MOVE = YES;
				CLANG_WARN_UNGUARDED_AVAILABILITY = YES_AGGRESSIVE;
				CLANG_WARN_UNREACHABLE_CODE = YES;
				CLANG_WARN__DUPLICATE_METHOD_MATCH = YES;
				COPY_PHASE_STRIP = NO;
				DEBUG_INFORMATION_FORMAT = "dwarf-with-dsym";
				ENABLE_NS_ASSERTIONS = NO;
				ENABLE_STRICT_OBJC_MSGSEND = YES;
				ENABLE_USER_SCRIPT_SANDBOXING = YES;
				GCC_C_LANGUAGE_STANDARD = gnu17;
				GCC_NO_COMMON_BLOCKS = YES;
				GCC_WARN_64_TO_32_BIT_CONVERSION = YES;
				GCC_WARN_ABOUT_RETURN_TYPE = YES_ERROR;
				GCC_WARN_UNDECLARED_SELECTOR = YES;
				GCC_WARN_UNINITIALIZED_AUTOS = YES_AGGRESSIVE;
				GCC_WARN_UNUSED_FUNCTION = YES;
				GCC_WARN_UNUSED_VARIABLE = YES;
				IPHONEOS_DEPLOYMENT_TARGET = 17.0;
				LOCALIZATION_PREFERS_STRING_CATALOGS = YES;
				MTL_ENABLE_DEBUG_INFO = NO;
				MTL_FAST_MATH = YES;
				SDKROOT = iphoneos;
				SWIFT_COMPILATION_MODE = wholemodule;
				VALIDATE_PRODUCT = YES;
			};
			name = Release;
		};
		182FE74B2A36B0C80027BDD6 /* Debug */ = {
			isa = XCBuildConfiguration;
			buildSettings = {
				ASSETCATALOG_COMPILER_APPICON_NAME = AppIcon;
				ASSETCATALOG_COMPILER_GLOBAL_ACCENT_COLOR_NAME = AccentColor;
				CODE_SIGN_STYLE = Automatic;
				CURRENT_PROJECT_VERSION = 20230611;
				DEVELOPMENT_ASSET_PATHS = "\"swiftlist2/Preview Content\"";
				DEVELOPMENT_TEAM = Y23FS84988;
				ENABLE_PREVIEWS = YES;
				GENERATE_INFOPLIST_FILE = YES;
				INFOPLIST_KEY_CFBundleDisplayName = "SwiftList 2";
				INFOPLIST_KEY_LSApplicationCategoryType = "public.app-category.entertainment";
				INFOPLIST_KEY_UIApplicationSceneManifest_Generation = YES;
				INFOPLIST_KEY_UIApplicationSupportsIndirectInputEvents = YES;
				INFOPLIST_KEY_UILaunchScreen_Generation = YES;
				INFOPLIST_KEY_UIStatusBarStyle = "";
				INFOPLIST_KEY_UISupportedInterfaceOrientations = UIInterfaceOrientationPortrait;
				INFOPLIST_KEY_UISupportedInterfaceOrientations_iPad = "UIInterfaceOrientationLandscapeLeft UIInterfaceOrientationLandscapeRight UIInterfaceOrientationPortrait UIInterfaceOrientationPortraitUpsideDown";
				LD_RUNPATH_SEARCH_PATHS = (
					"$(inherited)",
					"@executable_path/Frameworks",
				);
				MARKETING_VERSION = a1.0;
				PRODUCT_BUNDLE_IDENTIFIER = com.kyzune.swiftlist2;
				PRODUCT_NAME = "$(TARGET_NAME)";
				SWIFT_EMIT_LOC_STRINGS = YES;
				SWIFT_VERSION = 5.0;
				TARGETED_DEVICE_FAMILY = "1,2";
			};
			name = Debug;
		};
		182FE74C2A36B0C80027BDD6 /* Release */ = {
			isa = XCBuildConfiguration;
			buildSettings = {
				ASSETCATALOG_COMPILER_APPICON_NAME = AppIcon;
				ASSETCATALOG_COMPILER_GLOBAL_ACCENT_COLOR_NAME = AccentColor;
				CODE_SIGN_STYLE = Automatic;
				CURRENT_PROJECT_VERSION = 20230611;
				DEVELOPMENT_ASSET_PATHS = "\"swiftlist2/Preview Content\"";
				DEVELOPMENT_TEAM = Y23FS84988;
				ENABLE_PREVIEWS = YES;
				GENERATE_INFOPLIST_FILE = YES;
				INFOPLIST_KEY_CFBundleDisplayName = "SwiftList 2";
				INFOPLIST_KEY_LSApplicationCategoryType = "public.app-category.entertainment";
				INFOPLIST_KEY_UIApplicationSceneManifest_Generation = YES;
				INFOPLIST_KEY_UIApplicationSupportsIndirectInputEvents = YES;
				INFOPLIST_KEY_UILaunchScreen_Generation = YES;
				INFOPLIST_KEY_UIStatusBarStyle = "";
				INFOPLIST_KEY_UISupportedInterfaceOrientations = UIInterfaceOrientationPortrait;
				INFOPLIST_KEY_UISupportedInterfaceOrientations_iPad = "UIInterfaceOrientationLandscapeLeft UIInterfaceOrientationLandscapeRight UIInterfaceOrientationPortrait UIInterfaceOrientationPortraitUpsideDown";
				LD_RUNPATH_SEARCH_PATHS = (
					"$(inherited)",
					"@executable_path/Frameworks",
				);
				MARKETING_VERSION = a1.0;
				PRODUCT_BUNDLE_IDENTIFIER = com.kyzune.swiftlist2;
				PRODUCT_NAME = "$(TARGET_NAME)";
				SWIFT_EMIT_LOC_STRINGS = YES;
				SWIFT_VERSION = 5.0;
				TARGETED_DEVICE_FAMILY = "1,2";
			};
			name = Release;
		};
/* End XCBuildConfiguration section */

/* Begin XCConfigurationList section */
		182FE7372A36B0C60027BDD6 /* Build configuration list for PBXProject "swiftlist2" */ = {
			isa = XCConfigurationList;
			buildConfigurations = (
				182FE7482A36B0C80027BDD6 /* Debug */,
				182FE7492A36B0C80027BDD6 /* Release */,
			);
			defaultConfigurationIsVisible = 0;
			defaultConfigurationName = Release;
		};
		182FE74A2A36B0C80027BDD6 /* Build configuration list for PBXNativeTarget "swiftlist2" */ = {
			isa = XCConfigurationList;
			buildConfigurations = (
				182FE74B2A36B0C80027BDD6 /* Debug */,
				182FE74C2A36B0C80027BDD6 /* Release */,
			);
			defaultConfigurationIsVisible = 0;
			defaultConfigurationName = Release;
		};
/* End XCConfigurationList section */
	};
	rootObject = 182FE7342A36B0C60027BDD6 /* Project object */;
}
